{
  "name": "photon-wasm",
  "lockfileVersion": 2,
  "requires": true,
  "packages": {
    "": {
      "name": "photon-wasm",
      "dependencies": {
        "@silvia-odwyer/photon": "^0.3.11"
      }
    },
    "node_modules/@silvia-odwyer/photon": {
      "version": "0.3.11",
      "resolved": "https://registry.npmjs.org/@silvia-odwyer/photon/-/photon-0.3.11.tgz",
      "integrity": "sha512-KOpEdNzgstCOax65eyVLiBE4NzSK+GWSFsFPNqb9NmARJJyG5FP6Qygehdw+K/6+roXCf+4Sovd74LbWxWU+kQ=="
    }
  },
  "dependencies": {
    "@silvia-odwyer/photon": {
      "version": "0.3.11",
      "resolved": "https://registry.npmjs.org/@silvia-odwyer/photon/-/photon-0.3.11.tgz",
      "integrity": "sha512-KOpEdNzgstCOax65eyVLiBE4NzSK+GWSFsFPNqb9NmARJJyG5FP6Qygehdw+K/6+roXCf+4Sovd74LbWxWU+kQ=="
    }
  }
}
